# This file is automatically @generated by Cargo.
# It is not intended for manual editing.
[[package]]
name = "autocfg"
version = "1.0.0"
source = "registry+https://github.com/rust-lang/crates.io-index"
checksum = "f8aac770f1885fd7e387acedd76065302551364496e46b3dd00860b2f8359b9d"

[[package]]
name = "calc"
version = "0.1.0"
dependencies = [
 "factorial",
]

[[package]]
name = "factorial"
version = "0.2.0"
source = "registry+https://github.com/rust-lang/crates.io-index"
checksum = "42396d2e190af0797b171935e754dbef0c3df12cacaf52476c502ee3b85d49de"
dependencies = [
 "num-traits",
]

[[package]]
name = "num-traits"
version = "0.2.11"
source = "registry+https://github.com/rust-lang/crates.io-index"
checksum = "c62be47e61d1842b9170f0fdeec8eba98e60e90e5446449a0545e5152acd7096"
dependencies = [
 "autocfg",
]
